version = 1
requires-python = ">=3.11"

[[package]]
name = "requests"
version = "2.32.3"
source = { registry = "https://pypi.org/simple" }
sdist = { url = "https://files.pythonhosted.org/packages/example/requests-2.32.3.tar.gz", hash = "sha256:1111111111111111111111111111111111111111111111111111111111111111", size = 1 }
wheels = [
    { url = "https://files.pythonhosted.org/packages/example/requests-2.32.3-py3-none-any.whl", hash = "sha256:2222222222222222222222222222222222222222222222222222222222222222", size = 1 },
]

[[package]]
name = "fixture-uv-pass"
version = "0.1.0"
source = { virtual = "." }
dependencies = [
    { name = "requests" },
]

[package.metadata]
requires-dist = [{ name = "requests", specifier = "==2.32.3" }]
