{
  "name": "override-only-drift",
  "lockfileVersion": 3,
  "packages": {
    "": {
      "name": "override-only-drift",
      "dependencies": {
        "react": "18.3.1"
      }
    },
    "node_modules/react": {
      "version": "18.3.1"
    },
    "node_modules/loose-envify": {
      "version": "1.4.0"
    }
  }
}
