{
  "name": "transitive-typosquat",
  "lockfileVersion": 3,
  "packages": {
    "": {
      "name": "transitive-typosquat",
      "dependencies": {
        "react": "18.3.1"
      }
    },
    "node_modules/react": {
      "version": "18.3.1"
    },
    "node_modules/expresss": {
      "version": "1.0.0"
    }
  }
}
