{
  "name": "private-scope-typo",
  "lockfileVersion": 3,
  "packages": {
    "": {
      "name": "private-scope-typo",
      "dependencies": {
        "@acmf/widget": "1.0.0"
      }
    },
    "node_modules/@acmf/widget": {
      "version": "1.0.0",
      "resolved": "https://registry.npmjs.org/@acmf/widget/-/widget-1.0.0.tgz",
      "integrity": "sha512-demo"
    }
  }
}
