{
  "name": "root",
  "lockfileVersion": 3,
  "packages": {
    "": {
      "name": "root",
      "workspaces": ["apps/*", "packages/*"]
    },
    "apps/web": {
      "name": "web",
      "dependencies": {
        "local-lib": "file:../../packages/local-lib"
      }
    },
    "node_modules/local-lib": {
      "resolved": "packages/other-lib",
      "link": true
    }
  }
}
