{
  "name": "demo",
  "lockfileVersion": 3,
  "packages": {
    "": {
      "name": "demo",
      "dependencies": {
        "react": "18.3.1"
      }
    },
    "node_modules/react": {
      "name": "lodash",
      "version": "18.3.1",
      "resolved": "https://registry.npmjs.org/react/-/react-18.3.1.tgz",
      "integrity": "sha512-demo"
    }
  }
}
