[[package]]
name = "torch"
version = "2.6.0"
description = "Fixture torch package"
optional = false
python-versions = ">=3.11"

[package.source]
type = "explicit"
url = "https://packages.example.com/simple"
reference = "mirror"

[metadata]
lock-version = "2.0"
python-versions = "^3.11"
content-hash = "fixture"
